{
  "name": "FirmaDasboardDemo",
  "lockfileVersion": 3,
  "requires": true,
  "packages": {
    "": {
      "dependencies": {
        "jspreadsheet-ce": "^5.0.2"
      }
    },
    "node_modules/@jspreadsheet/formula": {
      "version": "2.0.2",
      "resolved": "https://registry.npmjs.org/@jspreadsheet/formula/-/formula-2.0.2.tgz",
      "integrity": "sha512-PDQYf9REQA53I7tVYkvkeyQxrd5jcjUeHgItYnRpjN2QiIQwawSqBDtGGEVQTSboTG+JwgGCuhvOpj7FxeKwew=="
    },
    "node_modules/jspreadsheet-ce": {
      "version": "5.0.2",
      "resolved": "https://registry.npmjs.org/jspreadsheet-ce/-/jspreadsheet-ce-5.0.2.tgz",
      "integrity": "sha512-Xhz/6PNe3LnxS/sp02pWN6DTn8ARW2nka6Hwe1aOpvvXXilzGYGlrMUWWjjC5ktVbbBEGl3moUQfCxBsE0scrg==",
      "dependencies": {
        "@jspreadsheet/formula": "^2.0.2",
        "jsuites": "^5.8.5"
      }
    },
    "node_modules/jsuites": {
      "version": "5.11.1",
      "resolved": "https://registry.npmjs.org/jsuites/-/jsuites-5.11.1.tgz",
      "integrity": "sha512-ts1y3ub13ckqxLynIbobGhWiPYnutjx+66dLOOcVIvAQkLlxzgSRbrHmeaQFvF91zWSjIaasYUal5fjluzm2XA=="
    }
  }
}
